<?xml version="1.0" encoding="utf-8"?>
<Project ToolsVersion="4.0" xmlns="http://schemas.microsoft.com/developer/msbuild/2003">
  <ItemGroup>
    <ClCompile Include="Math\Matrix4x4.cpp">
      <Filter>GameEngine\Math</Filter>
    </ClCompile>
    <ClCompile Include="EngineTime\EngineTime.cpp">
      <Filter>GameEngine\EngineTime</Filter>
    </ClCompile>
    <ClCompile Include="App\AppWindow.cpp">
      <Filter>App</Filter>
    </ClCompile>
    <ClCompile Include="main.cpp">
      <Filter>App</Filter>
    </ClCompile>
    <ClCompile Include="SceneCamera\SceneCameraHandler.cpp">
      <Filter>GameEngine\SceneCamera</Filter>
    </ClCompile>
    <ClCompile Include="IMGUI\imgui.cpp">
      <Filter>GameEngine\IMGUI</Filter>
    </ClCompile>
    <ClCompile Include="IMGUI\imgui_demo.cpp">
      <Filter>GameEngine\IMGUI</Filter>
    </ClCompile>
    <ClCompile Include="IMGUI\imgui_draw.cpp">
      <Filter>GameEngine\IMGUI</Filter>
    </ClCompile>
    <ClCompile Include="IMGUI\imgui_impl_dx11.cpp">
      <Filter>GameEngine\IMGUI</Filter>
    </ClCompile>
    <ClCompile Include="IMGUI\imgui_impl_win32.cpp">
      <Filter>GameEngine\IMGUI</Filter>
    </ClCompile>
    <ClCompile Include="IMGUI\imgui_tables.cpp">
      <Filter>GameEngine\IMGUI</Filter>
    </ClCompile>
    <ClCompile Include="IMGUI\imgui_widgets.cpp">
      <Filter>GameEngine\IMGUI</Filter>
    </ClCompile>
    <ClCompile Include="Backend\ActionHistory.cpp">
      <Filter>GameEngine\Backend</Filter>
    </ClCompile>
    <ClCompile Include="Backend\EditorAction.cpp">
      <Filter>GameEngine\Backend</Filter>
    </ClCompile>
    <ClCompile Include="Backend\EngineBackend.cpp">
      <Filter>GameEngine\Backend</Filter>
    </ClCompile>
    <ClCompile Include="Math\Vector2D.cpp">
      <Filter>GameEngine\Math</Filter>
    </ClCompile>
    <ClCompile Include="Math\Vector3D.cpp">
      <Filter>GameEngine\Math</Filter>
    </ClCompile>
    <ClCompile Include="Math\Vector4D.cpp">
      <Filter>GameEngine\Math</Filter>
    </ClCompile>
    <ClCompile Include="Components\BaseComponentSystem.cpp">
      <Filter>GameEngine\Components</Filter>
    </ClCompile>
    <ClCompile Include="Components\Component.cpp">
      <Filter>GameEngine\Components</Filter>
    </ClCompile>
    <ClCompile Include="Components\PhysicsComponent.cpp">
      <Filter>GameEngine\Components</Filter>
    </ClCompile>
    <ClCompile Include="Components\PhysicsSystem.cpp">
      <Filter>GameEngine\Components</Filter>
    </ClCompile>
    <ClCompile Include="Components\Renderer.cpp">
      <Filter>GameEngine\Components</Filter>
    </ClCompile>
    <ClCompile Include="Resource\Mesh.cpp">
      <Filter>GameEngine\Resource</Filter>
    </ClCompile>
    <ClCompile Include="Resource\MeshManager.cpp">
      <Filter>GameEngine\Resource</Filter>
    </ClCompile>
    <ClCompile Include="Resource\Resource.cpp">
      <Filter>GameEngine\Resource</Filter>
    </ClCompile>
    <ClCompile Include="Resource\ResourceManager.cpp">
      <Filter>GameEngine\Resource</Filter>
    </ClCompile>
    <ClCompile Include="Resource\Texture.cpp">
      <Filter>GameEngine\Resource</Filter>
    </ClCompile>
    <ClCompile Include="Resource\TextureManager.cpp">
      <Filter>GameEngine\Resource</Filter>
    </ClCompile>
    <ClCompile Include="UI\ActionsScreen.cpp">
      <Filter>GameEngine\UI</Filter>
    </ClCompile>
    <ClCompile Include="UI\ColorPickerScreen.cpp">
      <Filter>GameEngine\UI</Filter>
    </ClCompile>
    <ClCompile Include="UI\CreditsScreen.cpp">
      <Filter>GameEngine\UI</Filter>
    </ClCompile>
    <ClCompile Include="UI\CustomStyles.cpp">
      <Filter>GameEngine\UI</Filter>
    </ClCompile>
    <ClCompile Include="UI\GameObjectSpawner.cpp">
      <Filter>GameEngine\UI</Filter>
    </ClCompile>
    <ClCompile Include="UI\HierarchyScreen.cpp">
      <Filter>GameEngine\UI</Filter>
    </ClCompile>
    <ClCompile Include="UI\InspectorScreen.cpp">
      <Filter>GameEngine\UI</Filter>
    </ClCompile>
    <ClCompile Include="UI\MenuScreen.cpp">
      <Filter>GameEngine\UI</Filter>
    </ClCompile>
    <ClCompile Include="UI\OutlinerScreen.cpp">
      <Filter>GameEngine\UI</Filter>
    </ClCompile>
    <ClCompile Include="UI\ProfilerScreen.cpp">
      <Filter>GameEngine\UI</Filter>
    </ClCompile>
    <ClCompile Include="UI\ScenePlayOptionsScreen.cpp">
      <Filter>GameEngine\UI</Filter>
    </ClCompile>
    <ClCompile Include="UI\UIManager.cpp">
      <Filter>GameEngine\UI</Filter>
    </ClCompile>
    <ClCompile Include="UI\UIScreen.cpp">
      <Filter>GameEngine\UI</Filter>
    </ClCompile>
    <ClCompile Include="InputSystem\InputSystem.cpp">
      <Filter>GameEngine\InputSystem</Filter>
    </ClCompile>
    <ClCompile Include="WindowSystem\Window.cpp">
      <Filter>GameEngine\WindowSystem</Filter>
    </ClCompile>
    <ClCompile Include="GraphicsEngine\ConstantBuffer.cpp">
      <Filter>GameEngine\GraphicsEngine</Filter>
    </ClCompile>
    <ClCompile Include="GraphicsEngine\DepthStencilState.cpp">
      <Filter>GameEngine\GraphicsEngine</Filter>
    </ClCompile>
    <ClCompile Include="GraphicsEngine\DeviceContext.cpp">
      <Filter>GameEngine\GraphicsEngine</Filter>
    </ClCompile>
    <ClCompile Include="GraphicsEngine\GraphicsEngine.cpp">
      <Filter>GameEngine\GraphicsEngine</Filter>
    </ClCompile>
    <ClCompile Include="GraphicsEngine\IndexBuffer.cpp">
      <Filter>GameEngine\GraphicsEngine</Filter>
    </ClCompile>
    <ClCompile Include="GraphicsEngine\PixelShader.cpp">
      <Filter>GameEngine\GraphicsEngine</Filter>
    </ClCompile>
    <ClCompile Include="GraphicsEngine\ShaderLibrary.cpp">
      <Filter>GameEngine\GraphicsEngine</Filter>
    </ClCompile>
    <ClCompile Include="GraphicsEngine\SwapChain.cpp">
      <Filter>GameEngine\GraphicsEngine</Filter>
    </ClCompile>
    <ClCompile Include="GraphicsEngine\VertexBuffer.cpp">
      <Filter>GameEngine\GraphicsEngine</Filter>
    </ClCompile>
    <ClCompile Include="GraphicsEngine\VertexShader.cpp">
      <Filter>GameEngine\GraphicsEngine</Filter>
    </ClCompile>
    <ClCompile Include="GraphicsEngine\ViewTexture.cpp">
      <Filter>GameEngine\GraphicsEngine</Filter>
    </ClCompile>
    <ClCompile Include="UI\CameraViewportScreen.cpp">
      <Filter>GameEngine\UI</Filter>
    </ClCompile>
    <ClCompile Include="GameObjects\Camera.cpp">
      <Filter>GameEngine\GameObjects</Filter>
    </ClCompile>
    <ClCompile Include="GameObjects\Circle.cpp">
      <Filter>GameEngine\GameObjects</Filter>
    </ClCompile>
    <ClCompile Include="GameObjects\Cube.cpp">
      <Filter>GameEngine\GameObjects</Filter>
    </ClCompile>
    <ClCompile Include="GameObjects\GameCamera.cpp">
      <Filter>GameEngine\GameObjects</Filter>
    </ClCompile>
    <ClCompile Include="GameObjects\GameObject.cpp">
      <Filter>GameEngine\GameObjects</Filter>
    </ClCompile>
    <ClCompile Include="GameObjects\GameObjectManager.cpp">
      <Filter>GameEngine\GameObjects</Filter>
    </ClCompile>
    <ClCompile Include="GameObjects\Line.cpp">
      <Filter>GameEngine\GameObjects</Filter>
    </ClCompile>
    <ClCompile Include="GameObjects\MeshObject.cpp">
      <Filter>GameEngine\GameObjects</Filter>
    </ClCompile>
    <ClCompile Include="GameObjects\PhysicsCube.cpp">
      <Filter>GameEngine\GameObjects</Filter>
    </ClCompile>
    <ClCompile Include="GameObjects\PhysicsQuad.cpp">
      <Filter>GameEngine\GameObjects</Filter>
    </ClCompile>
    <ClCompile Include="GameObjects\Quad.cpp">
      <Filter>GameEngine\GameObjects</Filter>
    </ClCompile>
    <ClCompile Include="GameObjects\RenderQueue.cpp">
      <Filter>GameEngine\GameObjects</Filter>
    </ClCompile>
    <ClCompile Include="Libs\JsonCpp\dist\jsoncpp.cpp" />
    <ClCompile Include="SaveSystem\SaveSystem.cpp">
      <Filter>GameEngine\SaveSystem</Filter>
    </ClCompile>
    <ClCompile Include="Backend\Debug.cpp" />
    <ClCompile Include="UI\ConsoleScreen.cpp" />
    <ClCompile Include="Components\RendererSystem.cpp" />
    <ClCompile Include="GameObjects\Sphere.cpp" />
  </ItemGroup>
  <ItemGroup>
    <ClInclude Include="Math\Colors.h">
      <Filter>GameEngine\Math</Filter>
    </ClInclude>
    <ClInclude Include="Math\Matrix4x4.h">
      <Filter>GameEngine\Math</Filter>
    </ClInclude>
    <ClInclude Include="EngineTime\EngineTime.h">
      <Filter>GameEngine\EngineTime</Filter>
    </ClInclude>
    <ClInclude Include="App\AppWindow.h">
      <Filter>App</Filter>
    </ClInclude>
    <ClInclude Include="SceneCamera\SceneCameraHandler.h">
      <Filter>GameEngine\SceneCamera</Filter>
    </ClInclude>
    <ClInclude Include="IMGUI\imconfig.h">
      <Filter>GameEngine\IMGUI</Filter>
    </ClInclude>
    <ClInclude Include="IMGUI\imgui.h">
      <Filter>GameEngine\IMGUI</Filter>
    </ClInclude>
    <ClInclude Include="IMGUI\imgui_impl_dx11.h">
      <Filter>GameEngine\IMGUI</Filter>
    </ClInclude>
    <ClInclude Include="IMGUI\imgui_impl_win32.h">
      <Filter>GameEngine\IMGUI</Filter>
    </ClInclude>
    <ClInclude Include="IMGUI\imgui_internal.h">
      <Filter>GameEngine\IMGUI</Filter>
    </ClInclude>
    <ClInclude Include="IMGUI\imstb_rectpack.h">
      <Filter>GameEngine\IMGUI</Filter>
    </ClInclude>
    <ClInclude Include="IMGUI\imstb_textedit.h">
      <Filter>GameEngine\IMGUI</Filter>
    </ClInclude>
    <ClInclude Include="IMGUI\imstb_truetype.h">
      <Filter>GameEngine\IMGUI</Filter>
    </ClInclude>
    <ClInclude Include="Backend\ActionHistory.h">
      <Filter>GameEngine\Backend</Filter>
    </ClInclude>
    <ClInclude Include="Backend\EditorAction.h">
      <Filter>GameEngine\Backend</Filter>
    </ClInclude>
    <ClInclude Include="Backend\EngineBackend.h">
      <Filter>GameEngine\Backend</Filter>
    </ClInclude>
    <ClInclude Include="Math\Vector2D.h">
      <Filter>GameEngine\Math</Filter>
    </ClInclude>
    <ClInclude Include="Math\Vector3D.h">
      <Filter>GameEngine\Math</Filter>
    </ClInclude>
    <ClInclude Include="Math\Vector4D.h">
      <Filter>GameEngine\Math</Filter>
    </ClInclude>
    <ClInclude Include="Components\BaseComponentSystem.h">
      <Filter>GameEngine\Components</Filter>
    </ClInclude>
    <ClInclude Include="Components\Component.h">
      <Filter>GameEngine\Components</Filter>
    </ClInclude>
    <ClInclude Include="Components\PhysicsComponent.h">
      <Filter>GameEngine\Components</Filter>
    </ClInclude>
    <ClInclude Include="Components\PhysicsSystem.h">
      <Filter>GameEngine\Components</Filter>
    </ClInclude>
    <ClInclude Include="Components\Renderer.h">
      <Filter>GameEngine\Components</Filter>
    </ClInclude>
    <ClInclude Include="Resource\Mesh.h">
      <Filter>GameEngine\Resource</Filter>
    </ClInclude>
    <ClInclude Include="Resource\MeshManager.h">
      <Filter>GameEngine\Resource</Filter>
    </ClInclude>
    <ClInclude Include="Resource\Resource.h">
      <Filter>GameEngine\Resource</Filter>
    </ClInclude>
    <ClInclude Include="Resource\ResourceManager.h">
      <Filter>GameEngine\Resource</Filter>
    </ClInclude>
    <ClInclude Include="Resource\Texture.h">
      <Filter>GameEngine\Resource</Filter>
    </ClInclude>
    <ClInclude Include="Resource\TextureManager.h">
      <Filter>GameEngine\Resource</Filter>
    </ClInclude>
    <ClInclude Include="Resource\VertexMesh.h">
      <Filter>GameEngine\Resource</Filter>
    </ClInclude>
    <ClInclude Include="UI\ActionsScreen.h">
      <Filter>GameEngine\UI</Filter>
    </ClInclude>
    <ClInclude Include="UI\ColorPickerScreen.h">
      <Filter>GameEngine\UI</Filter>
    </ClInclude>
    <ClInclude Include="UI\CreditsScreen.h">
      <Filter>GameEngine\UI</Filter>
    </ClInclude>
    <ClInclude Include="UI\CustomStyles.h">
      <Filter>GameEngine\UI</Filter>
    </ClInclude>
    <ClInclude Include="UI\GameObjectSpawner.h">
      <Filter>GameEngine\UI</Filter>
    </ClInclude>
    <ClInclude Include="UI\HierarchyScreen.h">
      <Filter>GameEngine\UI</Filter>
    </ClInclude>
    <ClInclude Include="UI\InspectorScreen.h">
      <Filter>GameEngine\UI</Filter>
    </ClInclude>
    <ClInclude Include="UI\MenuScreen.h">
      <Filter>GameEngine\UI</Filter>
    </ClInclude>
    <ClInclude Include="UI\OutlinerScreen.h">
      <Filter>GameEngine\UI</Filter>
    </ClInclude>
    <ClInclude Include="UI\ProfilerScreen.h">
      <Filter>GameEngine\UI</Filter>
    </ClInclude>
    <ClInclude Include="UI\ScenePlayOptionsScreen.h">
      <Filter>GameEngine\UI</Filter>
    </ClInclude>
    <ClInclude Include="UI\UIManager.h">
      <Filter>GameEngine\UI</Filter>
    </ClInclude>
    <ClInclude Include="UI\UINames.h">
      <Filter>GameEngine\UI</Filter>
    </ClInclude>
    <ClInclude Include="UI\UIScreen.h">
      <Filter>GameEngine\UI</Filter>
    </ClInclude>
    <ClInclude Include="InputSystem\InputListener.h">
      <Filter>GameEngine\InputSystem</Filter>
    </ClInclude>
    <ClInclude Include="InputSystem\InputSystem.h">
      <Filter>GameEngine\InputSystem</Filter>
    </ClInclude>
    <ClInclude Include="WindowSystem\Window.h">
      <Filter>GameEngine\WindowSystem</Filter>
    </ClInclude>
    <ClInclude Include="GraphicsEngine\ConstantBuffer.h">
      <Filter>GameEngine\GraphicsEngine</Filter>
    </ClInclude>
    <ClInclude Include="GraphicsEngine\DepthStencilState.h">
      <Filter>GameEngine\GraphicsEngine</Filter>
    </ClInclude>
    <ClInclude Include="GraphicsEngine\DeviceContext.h">
      <Filter>GameEngine\GraphicsEngine</Filter>
    </ClInclude>
    <ClInclude Include="GraphicsEngine\GraphicsEngine.h">
      <Filter>GameEngine\GraphicsEngine</Filter>
    </ClInclude>
    <ClInclude Include="GraphicsEngine\IndexBuffer.h">
      <Filter>GameEngine\GraphicsEngine</Filter>
    </ClInclude>
    <ClInclude Include="GraphicsEngine\PixelShader.h">
      <Filter>GameEngine\GraphicsEngine</Filter>
    </ClInclude>
    <ClInclude Include="GraphicsEngine\ShaderLibrary.h">
      <Filter>GameEngine\GraphicsEngine</Filter>
    </ClInclude>
    <ClInclude Include="GraphicsEngine\Structs.h">
      <Filter>GameEngine\GraphicsEngine</Filter>
    </ClInclude>
    <ClInclude Include="GraphicsEngine\SwapChain.h">
      <Filter>GameEngine\GraphicsEngine</Filter>
    </ClInclude>
    <ClInclude Include="GraphicsEngine\VertexBuffer.h">
      <Filter>GameEngine\GraphicsEngine</Filter>
    </ClInclude>
    <ClInclude Include="GraphicsEngine\VertexShader.h">
      <Filter>GameEngine\GraphicsEngine</Filter>
    </ClInclude>
    <ClInclude Include="GraphicsEngine\ViewTexture.h">
      <Filter>GameEngine\GraphicsEngine</Filter>
    </ClInclude>
    <ClInclude Include="UI\CameraViewportScreen.h">
      <Filter>GameEngine\UI</Filter>
    </ClInclude>
    <ClInclude Include="GameObjects\Camera.h">
      <Filter>GameEngine\GameObjects</Filter>
    </ClInclude>
    <ClInclude Include="GameObjects\Circle.h">
      <Filter>GameEngine\GameObjects</Filter>
    </ClInclude>
    <ClInclude Include="GameObjects\Cube.h">
      <Filter>GameEngine\GameObjects</Filter>
    </ClInclude>
    <ClInclude Include="GameObjects\GameCamera.h">
      <Filter>GameEngine\GameObjects</Filter>
    </ClInclude>
    <ClInclude Include="GameObjects\GameObject.h">
      <Filter>GameEngine\GameObjects</Filter>
    </ClInclude>
    <ClInclude Include="GameObjects\GameObjectManager.h">
      <Filter>GameEngine\GameObjects</Filter>
    </ClInclude>
    <ClInclude Include="GameObjects\Line.h">
      <Filter>GameEngine\GameObjects</Filter>
    </ClInclude>
    <ClInclude Include="GameObjects\MeshObject.h">
      <Filter>GameEngine\GameObjects</Filter>
    </ClInclude>
    <ClInclude Include="GameObjects\PhysicsCube.h">
      <Filter>GameEngine\GameObjects</Filter>
    </ClInclude>
    <ClInclude Include="GameObjects\PhysicsQuad.h">
      <Filter>GameEngine\GameObjects</Filter>
    </ClInclude>
    <ClInclude Include="GameObjects\Quad.h">
      <Filter>GameEngine\GameObjects</Filter>
    </ClInclude>
    <ClInclude Include="GameObjects\RenderQueue.h">
      <Filter>GameEngine\GameObjects</Filter>
    </ClInclude>
    <ClInclude Include="SaveSystem\SaveSystem.h">
      <Filter>GameEngine\SaveSystem</Filter>
    </ClInclude>
    <ClInclude Include="Backend\Debug.h" />
    <ClInclude Include="UI\ConsoleScreen.h" />
    <ClInclude Include="Enum\Enums.h" />
    <ClInclude Include="Components\RendererSystem.h" />
    <ClInclude Include="GameObjects\Sphere.h" />
  </ItemGroup>
  <ItemGroup>
    <Filter Include="App">
      <UniqueIdentifier>{36060cac-7d9f-438e-8539-1235ffe15c06}</UniqueIdentifier>
    </Filter>
    <Filter Include="GameEngine">
      <UniqueIdentifier>{96d1515d-b2bf-4ca5-84ab-34910fd2483e}</UniqueIdentifier>
    </Filter>
    <Filter Include="GameEngine\GraphicsEngine">
      <UniqueIdentifier>{103ced95-0135-48d7-82eb-cd375ed9a680}</UniqueIdentifier>
    </Filter>
    <Filter Include="GameEngine\Math">
      <UniqueIdentifier>{a4b2a1fe-a265-42af-a896-213fb4edb937}</UniqueIdentifier>
    </Filter>
    <Filter Include="GameEngine\WindowSystem">
      <UniqueIdentifier>{87d11a39-70bb-4ce0-a6a8-f2832f955652}</UniqueIdentifier>
    </Filter>
    <Filter Include="GameEngine\EngineTime">
      <UniqueIdentifier>{b24a8565-39e3-4fd0-ba49-266a4abe2ad2}</UniqueIdentifier>
    </Filter>
    <Filter Include="GameEngine\InputSystem">
      <UniqueIdentifier>{838d245d-c145-48ac-b38e-6fa483a3bf32}</UniqueIdentifier>
    </Filter>
    <Filter Include="GameEngine\GameObjects">
      <UniqueIdentifier>{eff341fd-5d13-40a1-b9e7-23f1449b45f6}</UniqueIdentifier>
    </Filter>
    <Filter Include="GameEngine\Components">
      <UniqueIdentifier>{ab4fbc7a-a4a4-4a5d-97fe-865ae6c55857}</UniqueIdentifier>
    </Filter>
    <Filter Include="GameEngine\SceneCamera">
      <UniqueIdentifier>{5669ca93-73b0-4305-9c85-b6d8850bd3fd}</UniqueIdentifier>
    </Filter>
    <Filter Include="GameEngine\UI">
      <UniqueIdentifier>{8f51c85d-6627-4956-a724-7ee2203d44e6}</UniqueIdentifier>
    </Filter>
    <Filter Include="GameEngine\IMGUI">
      <UniqueIdentifier>{46097bf9-7f7a-4dae-9e3f-53cd664ba20c}</UniqueIdentifier>
    </Filter>
    <Filter Include="GameEngine\Resource">
      <UniqueIdentifier>{d36aac03-9a11-4372-a49a-603fd1bef0c0}</UniqueIdentifier>
    </Filter>
    <Filter Include="GameEngine\Backend">
      <UniqueIdentifier>{3973f504-9a4e-4253-b931-37f676c70a0e}</UniqueIdentifier>
    </Filter>
    <Filter Include="GameEngine\SaveSystem">
      <UniqueIdentifier>{25b3a0f8-4655-46be-a978-5ebe29079ebc}</UniqueIdentifier>
    </Filter>
  </ItemGroup>
  <ItemGroup>
    <FxCompile Include="PixelShader.hlsl">
      <Filter>App</Filter>
    </FxCompile>
    <FxCompile Include="TexturePixelShader.hlsl">
      <Filter>App</Filter>
    </FxCompile>
    <FxCompile Include="VertexMeshLayout.hlsl">
      <Filter>App</Filter>
    </FxCompile>
    <FxCompile Include="VertexShader.hlsl">
      <Filter>App</Filter>
    </FxCompile>
  </ItemGroup>
</Project>